
Microsoft Visual Studio Solution File, Format Version 12.00
# Visual Studio 15
VisualStudioVersion = 15.0.27703.2047
MinimumVisualStudioVersion = 10.0.40219.1
Project("{FAE04EC0-301F-11D3-BF4B-00C04F79EFBC}") = "AspNetVS2017.Capitulo01.Variaveis", "AspNetVS2017.Capitulo01.Variaveis\AspNetVS2017.Capitulo01.Variaveis.csproj", "{80AB29E4-F102-40AD-BFB3-0EFFB062538A}"
EndProject
Project("{FAE04EC0-301F-11D3-BF4B-00C04F79EFBC}") = "AspNetVS2017.Capitulo01.Troco", "AspNetVS2017.Capitulo01.Troco\AspNetVS2017.Capitulo01.Troco.csproj", "{59753BA0-2768-4BA8-8598-D790E54FCD69}"
EndProject
Project("{FAE04EC0-301F-11D3-BF4B-00C04F79EFBC}") = "AspNetVS2017.Capitulo01.Frete", "AspNetVS2017.Capitulo01.Frete\AspNetVS2017.Capitulo01.Frete.csproj", "{81CAD438-34DD-47CE-A5A7-375AEACA115A}"
EndProject
Project("{FAE04EC0-301F-11D3-BF4B-00C04F79EFBC}") = "AspNetVS2017.Capitulo01.Repeticao.Testes", "AspNetVS2017.Capitulo01.Repeticao.Testes\AspNetVS2017.Capitulo01.Repeticao.Testes.csproj", "{287D2EE0-123E-4214-902E-80BF79503027}"
EndProject
Project("{FAE04EC0-301F-11D3-BF4B-00C04F79EFBC}") = "AspNetVS2017.Capitulo01.VetoresColecoes.Testes", "AspNetVS2017.Capitulo01.VetoresColecoes.Testes\AspNetVS2017.Capitulo01.VetoresColecoes.Testes.csproj", "{37D16CAA-A3AE-4B90-BAE4-F6E2B9F6D63A}"
EndProject
Project("{2150E333-8FDC-42A3-9474-1A3956D46DE8}") = "Oficina", "Oficina", "{82EB97F3-89F3-4203-A703-FBCF246B654C}"
EndProject
Project("{FAE04EC0-301F-11D3-BF4B-00C04F79EFBC}") = "Oficina.Dominio", "Oficina.Dominio\Oficina.Dominio.csproj", "{EAC2E01C-6960-4344-B781-F5CB1CDF55B9}"
EndProject
Project("{FAE04EC0-301F-11D3-BF4B-00C04F79EFBC}") = "Oficina.Repositorios.SistemaArquivos", "Oficina.Repositorios.SistemaArquivos\Oficina.Repositorios.SistemaArquivos.csproj", "{4BF15321-A070-4B4E-A77F-9F26D69EAF2B}"
EndProject
Project("{FAE04EC0-301F-11D3-BF4B-00C04F79EFBC}") = "Oficina.Repositorios.SistemaArquivosTests", "Oficina.Repositorios.SistemaArquivosTests\Oficina.Repositorios.SistemaArquivosTests.csproj", "{9DAB1FE0-0B5A-46B2-8CEF-6AC7CE1AC00F}"
EndProject
Project("{FAE04EC0-301F-11D3-BF4B-00C04F79EFBC}") = "Oficina.WebPages", "Oficina.WebPages\Oficina.WebPages.csproj", "{E5329362-5520-4DBE-A648-BD41A02744E0}"
EndProject
Project("{FAE04EC0-301F-11D3-BF4B-00C04F79EFBC}") = "AspNetVS2017.Capitulo03.Portfolio", "AspNetVS2017.Capitulo03.Portfolio\AspNetVS2017.Capitulo03.Portfolio.csproj", "{1CE43AEA-8D02-48C6-85C4-9CAD14A2E1FC}"
EndProject
Project("{2150E333-8FDC-42A3-9474-1A3956D46DE8}") = "Portfolio", "Portfolio", "{5D510188-577F-4C69-88B8-104C31549A22}"
EndProject
Project("{00D1A9C2-B5F0-4AF3-8072-F6C62B433612}") = "Portfolio.Database", "Portfolio.Database\Portfolio.Database.sqlproj", "{3E8C81A9-8B64-4640-9805-155283F2121C}"
EndProject
Project("{2150E333-8FDC-42A3-9474-1A3956D46DE8}") = "ViagensOnline", "ViagensOnline", "{7F7E3EA7-C891-419B-B7C1-D0273634BBCA}"
EndProject
Project("{FAE04EC0-301F-11D3-BF4B-00C04F79EFBC}") = "ViagensOnline.Dominio", "ViagensOnline.Dominio\ViagensOnline.Dominio.csproj", "{E8E2D5A6-289B-46EE-8F20-6AE94541D5C0}"
EndProject
Project("{FAE04EC0-301F-11D3-BF4B-00C04F79EFBC}") = "ViagensOnline.Repositorios.SqlServer", "ViagensOnline.Repositorios.SqlServer\ViagensOnline.Repositorios.SqlServer.csproj", "{C6481E57-3138-47E1-B873-61F9473D0E0B}"
EndProject
Project("{FAE04EC0-301F-11D3-BF4B-00C04F79EFBC}") = "ViagensOnline.Repositorios.SqlServerTests", "ViagensOnline.Repositorios.SqlServerTests\ViagensOnline.Repositorios.SqlServerTests.csproj", "{FD2864AD-7A79-4990-B8D4-FAEB54A29F68}"
EndProject
Project("{FAE04EC0-301F-11D3-BF4B-00C04F79EFBC}") = "ViagensOnline.Mvc", "ViagensOnline.Mvc\ViagensOnline.Mvc.csproj", "{B8F1C3CF-2A99-43BB-91B3-6FDEEC874468}"
EndProject
Project("{2150E333-8FDC-42A3-9474-1A3956D46DE8}") = "Pessoal", "Pessoal", "{07B6B93A-8727-483B-9025-39E7FD27C7FA}"
EndProject
Project("{FAE04EC0-301F-11D3-BF4B-00C04F79EFBC}") = "Pessoal.Dominio", "Pessoal.Dominio\Pessoal.Dominio.csproj", "{01A2FDAB-E454-48A4-A27C-AEB992526B99}"
EndProject
Project("{FAE04EC0-301F-11D3-BF4B-00C04F79EFBC}") = "Pessoal.Repositorios.SqlServer", "Pessoal.Repositorios.SqlServer\Pessoal.Repositorios.SqlServer.csproj", "{6F2CB8B5-9A91-43AC-AA6B-2B719BCB03E1}"
EndProject
Project("{FAE04EC0-301F-11D3-BF4B-00C04F79EFBC}") = "Pessoal.Repositorios.SqlServerTests", "Pessoal.Repositorios.SqlServerTests\Pessoal.Repositorios.SqlServerTests.csproj", "{6A4CA7DD-7CDE-4E59-9188-DBA294400DE2}"
EndProject
Project("{00D1A9C2-B5F0-4AF3-8072-F6C62B433612}") = "Pessoal.Database", "Pessoal.Database\Pessoal.Database.sqlproj", "{287A4ADE-3EEC-49D7-B593-A41749FAFB0C}"
EndProject
Project("{FAE04EC0-301F-11D3-BF4B-00C04F79EFBC}") = "Pessoal.WebForms", "Pessoal.WebForms\Pessoal.WebForms.csproj", "{6FDFE6EE-A39B-49B8-BB45-12242137E453}"
EndProject
Project("{FAE04EC0-301F-11D3-BF4B-00C04F79EFBC}") = "AspNetVS2017.Capitulo08.EF.ModelFirst", "AspNetVS2017.Capitulo08.EF.ModelFirst\AspNetVS2017.Capitulo08.EF.ModelFirst.csproj", "{A2988A9A-4384-4E54-A565-C22C41E5127D}"
EndProject
Global
	GlobalSection(SolutionConfigurationPlatforms) = preSolution
		Debug|Any CPU = Debug|Any CPU
		Release|Any CPU = Release|Any CPU
	EndGlobalSection
	GlobalSection(ProjectConfigurationPlatforms) = postSolution
		{80AB29E4-F102-40AD-BFB3-0EFFB062538A}.Debug|Any CPU.ActiveCfg = Debug|Any CPU
		{80AB29E4-F102-40AD-BFB3-0EFFB062538A}.Debug|Any CPU.Build.0 = Debug|Any CPU
		{80AB29E4-F102-40AD-BFB3-0EFFB062538A}.Release|Any CPU.ActiveCfg = Release|Any CPU
		{80AB29E4-F102-40AD-BFB3-0EFFB062538A}.Release|Any CPU.Build.0 = Release|Any CPU
		{59753BA0-2768-4BA8-8598-D790E54FCD69}.Debug|Any CPU.ActiveCfg = Debug|Any CPU
		{59753BA0-2768-4BA8-8598-D790E54FCD69}.Debug|Any CPU.Build.0 = Debug|Any CPU
		{59753BA0-2768-4BA8-8598-D790E54FCD69}.Release|Any CPU.ActiveCfg = Release|Any CPU
		{59753BA0-2768-4BA8-8598-D790E54FCD69}.Release|Any CPU.Build.0 = Release|Any CPU
		{81CAD438-34DD-47CE-A5A7-375AEACA115A}.Debug|Any CPU.ActiveCfg = Debug|Any CPU
		{81CAD438-34DD-47CE-A5A7-375AEACA115A}.Debug|Any CPU.Build.0 = Debug|Any CPU
		{81CAD438-34DD-47CE-A5A7-375AEACA115A}.Release|Any CPU.ActiveCfg = Release|Any CPU
		{81CAD438-34DD-47CE-A5A7-375AEACA115A}.Release|Any CPU.Build.0 = Release|Any CPU
		{287D2EE0-123E-4214-902E-80BF79503027}.Debug|Any CPU.ActiveCfg = Debug|Any CPU
		{287D2EE0-123E-4214-902E-80BF79503027}.Debug|Any CPU.Build.0 = Debug|Any CPU
		{287D2EE0-123E-4214-902E-80BF79503027}.Release|Any CPU.ActiveCfg = Release|Any CPU
		{287D2EE0-123E-4214-902E-80BF79503027}.Release|Any CPU.Build.0 = Release|Any CPU
		{37D16CAA-A3AE-4B90-BAE4-F6E2B9F6D63A}.Debug|Any CPU.ActiveCfg = Debug|Any CPU
		{37D16CAA-A3AE-4B90-BAE4-F6E2B9F6D63A}.Debug|Any CPU.Build.0 = Debug|Any CPU
		{37D16CAA-A3AE-4B90-BAE4-F6E2B9F6D63A}.Release|Any CPU.ActiveCfg = Release|Any CPU
		{37D16CAA-A3AE-4B90-BAE4-F6E2B9F6D63A}.Release|Any CPU.Build.0 = Release|Any CPU
		{EAC2E01C-6960-4344-B781-F5CB1CDF55B9}.Debug|Any CPU.ActiveCfg = Debug|Any CPU
		{EAC2E01C-6960-4344-B781-F5CB1CDF55B9}.Debug|Any CPU.Build.0 = Debug|Any CPU
		{EAC2E01C-6960-4344-B781-F5CB1CDF55B9}.Release|Any CPU.ActiveCfg = Release|Any CPU
		{EAC2E01C-6960-4344-B781-F5CB1CDF55B9}.Release|Any CPU.Build.0 = Release|Any CPU
		{4BF15321-A070-4B4E-A77F-9F26D69EAF2B}.Debug|Any CPU.ActiveCfg = Debug|Any CPU
		{4BF15321-A070-4B4E-A77F-9F26D69EAF2B}.Debug|Any CPU.Build.0 = Debug|Any CPU
		{4BF15321-A070-4B4E-A77F-9F26D69EAF2B}.Release|Any CPU.ActiveCfg = Release|Any CPU
		{4BF15321-A070-4B4E-A77F-9F26D69EAF2B}.Release|Any CPU.Build.0 = Release|Any CPU
		{9DAB1FE0-0B5A-46B2-8CEF-6AC7CE1AC00F}.Debug|Any CPU.ActiveCfg = Debug|Any CPU
		{9DAB1FE0-0B5A-46B2-8CEF-6AC7CE1AC00F}.Debug|Any CPU.Build.0 = Debug|Any CPU
		{9DAB1FE0-0B5A-46B2-8CEF-6AC7CE1AC00F}.Release|Any CPU.ActiveCfg = Release|Any CPU
		{9DAB1FE0-0B5A-46B2-8CEF-6AC7CE1AC00F}.Release|Any CPU.Build.0 = Release|Any CPU
		{E5329362-5520-4DBE-A648-BD41A02744E0}.Debug|Any CPU.ActiveCfg = Debug|Any CPU
		{E5329362-5520-4DBE-A648-BD41A02744E0}.Debug|Any CPU.Build.0 = Debug|Any CPU
		{E5329362-5520-4DBE-A648-BD41A02744E0}.Release|Any CPU.ActiveCfg = Release|Any CPU
		{E5329362-5520-4DBE-A648-BD41A02744E0}.Release|Any CPU.Build.0 = Release|Any CPU
		{1CE43AEA-8D02-48C6-85C4-9CAD14A2E1FC}.Debug|Any CPU.ActiveCfg = Debug|Any CPU
		{1CE43AEA-8D02-48C6-85C4-9CAD14A2E1FC}.Debug|Any CPU.Build.0 = Debug|Any CPU
		{1CE43AEA-8D02-48C6-85C4-9CAD14A2E1FC}.Release|Any CPU.ActiveCfg = Release|Any CPU
		{1CE43AEA-8D02-48C6-85C4-9CAD14A2E1FC}.Release|Any CPU.Build.0 = Release|Any CPU
		{3E8C81A9-8B64-4640-9805-155283F2121C}.Debug|Any CPU.ActiveCfg = Debug|Any CPU
		{3E8C81A9-8B64-4640-9805-155283F2121C}.Debug|Any CPU.Build.0 = Debug|Any CPU
		{3E8C81A9-8B64-4640-9805-155283F2121C}.Debug|Any CPU.Deploy.0 = Debug|Any CPU
		{3E8C81A9-8B64-4640-9805-155283F2121C}.Release|Any CPU.ActiveCfg = Release|Any CPU
		{3E8C81A9-8B64-4640-9805-155283F2121C}.Release|Any CPU.Build.0 = Release|Any CPU
		{3E8C81A9-8B64-4640-9805-155283F2121C}.Release|Any CPU.Deploy.0 = Release|Any CPU
		{E8E2D5A6-289B-46EE-8F20-6AE94541D5C0}.Debug|Any CPU.ActiveCfg = Debug|Any CPU
		{E8E2D5A6-289B-46EE-8F20-6AE94541D5C0}.Debug|Any CPU.Build.0 = Debug|Any CPU
		{E8E2D5A6-289B-46EE-8F20-6AE94541D5C0}.Release|Any CPU.ActiveCfg = Release|Any CPU
		{E8E2D5A6-289B-46EE-8F20-6AE94541D5C0}.Release|Any CPU.Build.0 = Release|Any CPU
		{C6481E57-3138-47E1-B873-61F9473D0E0B}.Debug|Any CPU.ActiveCfg = Debug|Any CPU
		{C6481E57-3138-47E1-B873-61F9473D0E0B}.Debug|Any CPU.Build.0 = Debug|Any CPU
		{C6481E57-3138-47E1-B873-61F9473D0E0B}.Release|Any CPU.ActiveCfg = Release|Any CPU
		{C6481E57-3138-47E1-B873-61F9473D0E0B}.Release|Any CPU.Build.0 = Release|Any CPU
		{FD2864AD-7A79-4990-B8D4-FAEB54A29F68}.Debug|Any CPU.ActiveCfg = Debug|Any CPU
		{FD2864AD-7A79-4990-B8D4-FAEB54A29F68}.Debug|Any CPU.Build.0 = Debug|Any CPU
		{FD2864AD-7A79-4990-B8D4-FAEB54A29F68}.Release|Any CPU.ActiveCfg = Release|Any CPU
		{FD2864AD-7A79-4990-B8D4-FAEB54A29F68}.Release|Any CPU.Build.0 = Release|Any CPU
		{B8F1C3CF-2A99-43BB-91B3-6FDEEC874468}.Debug|Any CPU.ActiveCfg = Debug|Any CPU
		{B8F1C3CF-2A99-43BB-91B3-6FDEEC874468}.Debug|Any CPU.Build.0 = Debug|Any CPU
		{B8F1C3CF-2A99-43BB-91B3-6FDEEC874468}.Release|Any CPU.ActiveCfg = Release|Any CPU
		{B8F1C3CF-2A99-43BB-91B3-6FDEEC874468}.Release|Any CPU.Build.0 = Release|Any CPU
		{01A2FDAB-E454-48A4-A27C-AEB992526B99}.Debug|Any CPU.ActiveCfg = Debug|Any CPU
		{01A2FDAB-E454-48A4-A27C-AEB992526B99}.Debug|Any CPU.Build.0 = Debug|Any CPU
		{01A2FDAB-E454-48A4-A27C-AEB992526B99}.Release|Any CPU.ActiveCfg = Release|Any CPU
		{01A2FDAB-E454-48A4-A27C-AEB992526B99}.Release|Any CPU.Build.0 = Release|Any CPU
		{6F2CB8B5-9A91-43AC-AA6B-2B719BCB03E1}.Debug|Any CPU.ActiveCfg = Debug|Any CPU
		{6F2CB8B5-9A91-43AC-AA6B-2B719BCB03E1}.Debug|Any CPU.Build.0 = Debug|Any CPU
		{6F2CB8B5-9A91-43AC-AA6B-2B719BCB03E1}.Release|Any CPU.ActiveCfg = Release|Any CPU
		{6F2CB8B5-9A91-43AC-AA6B-2B719BCB03E1}.Release|Any CPU.Build.0 = Release|Any CPU
		{6A4CA7DD-7CDE-4E59-9188-DBA294400DE2}.Debug|Any CPU.ActiveCfg = Debug|Any CPU
		{6A4CA7DD-7CDE-4E59-9188-DBA294400DE2}.Debug|Any CPU.Build.0 = Debug|Any CPU
		{6A4CA7DD-7CDE-4E59-9188-DBA294400DE2}.Release|Any CPU.ActiveCfg = Release|Any CPU
		{6A4CA7DD-7CDE-4E59-9188-DBA294400DE2}.Release|Any CPU.Build.0 = Release|Any CPU
		{287A4ADE-3EEC-49D7-B593-A41749FAFB0C}.Debug|Any CPU.ActiveCfg = Debug|Any CPU
		{287A4ADE-3EEC-49D7-B593-A41749FAFB0C}.Debug|Any CPU.Build.0 = Debug|Any CPU
		{287A4ADE-3EEC-49D7-B593-A41749FAFB0C}.Debug|Any CPU.Deploy.0 = Debug|Any CPU
		{287A4ADE-3EEC-49D7-B593-A41749FAFB0C}.Release|Any CPU.ActiveCfg = Release|Any CPU
		{287A4ADE-3EEC-49D7-B593-A41749FAFB0C}.Release|Any CPU.Build.0 = Release|Any CPU
		{287A4ADE-3EEC-49D7-B593-A41749FAFB0C}.Release|Any CPU.Deploy.0 = Release|Any CPU
		{6FDFE6EE-A39B-49B8-BB45-12242137E453}.Debug|Any CPU.ActiveCfg = Debug|Any CPU
		{6FDFE6EE-A39B-49B8-BB45-12242137E453}.Debug|Any CPU.Build.0 = Debug|Any CPU
		{6FDFE6EE-A39B-49B8-BB45-12242137E453}.Release|Any CPU.ActiveCfg = Release|Any CPU
		{6FDFE6EE-A39B-49B8-BB45-12242137E453}.Release|Any CPU.Build.0 = Release|Any CPU
		{A2988A9A-4384-4E54-A565-C22C41E5127D}.Debug|Any CPU.ActiveCfg = Debug|Any CPU
		{A2988A9A-4384-4E54-A565-C22C41E5127D}.Debug|Any CPU.Build.0 = Debug|Any CPU
		{A2988A9A-4384-4E54-A565-C22C41E5127D}.Release|Any CPU.ActiveCfg = Release|Any CPU
		{A2988A9A-4384-4E54-A565-C22C41E5127D}.Release|Any CPU.Build.0 = Release|Any CPU
	EndGlobalSection
	GlobalSection(SolutionProperties) = preSolution
		HideSolutionNode = FALSE
	EndGlobalSection
	GlobalSection(NestedProjects) = preSolution
		{EAC2E01C-6960-4344-B781-F5CB1CDF55B9} = {82EB97F3-89F3-4203-A703-FBCF246B654C}
		{4BF15321-A070-4B4E-A77F-9F26D69EAF2B} = {82EB97F3-89F3-4203-A703-FBCF246B654C}
		{9DAB1FE0-0B5A-46B2-8CEF-6AC7CE1AC00F} = {82EB97F3-89F3-4203-A703-FBCF246B654C}
		{E5329362-5520-4DBE-A648-BD41A02744E0} = {82EB97F3-89F3-4203-A703-FBCF246B654C}
		{1CE43AEA-8D02-48C6-85C4-9CAD14A2E1FC} = {5D510188-577F-4C69-88B8-104C31549A22}
		{3E8C81A9-8B64-4640-9805-155283F2121C} = {5D510188-577F-4C69-88B8-104C31549A22}
		{E8E2D5A6-289B-46EE-8F20-6AE94541D5C0} = {7F7E3EA7-C891-419B-B7C1-D0273634BBCA}
		{C6481E57-3138-47E1-B873-61F9473D0E0B} = {7F7E3EA7-C891-419B-B7C1-D0273634BBCA}
		{FD2864AD-7A79-4990-B8D4-FAEB54A29F68} = {7F7E3EA7-C891-419B-B7C1-D0273634BBCA}
		{B8F1C3CF-2A99-43BB-91B3-6FDEEC874468} = {7F7E3EA7-C891-419B-B7C1-D0273634BBCA}
		{01A2FDAB-E454-48A4-A27C-AEB992526B99} = {07B6B93A-8727-483B-9025-39E7FD27C7FA}
		{6F2CB8B5-9A91-43AC-AA6B-2B719BCB03E1} = {07B6B93A-8727-483B-9025-39E7FD27C7FA}
		{6A4CA7DD-7CDE-4E59-9188-DBA294400DE2} = {07B6B93A-8727-483B-9025-39E7FD27C7FA}
		{287A4ADE-3EEC-49D7-B593-A41749FAFB0C} = {07B6B93A-8727-483B-9025-39E7FD27C7FA}
		{6FDFE6EE-A39B-49B8-BB45-12242137E453} = {07B6B93A-8727-483B-9025-39E7FD27C7FA}
	EndGlobalSection
	GlobalSection(ExtensibilityGlobals) = postSolution
		SolutionGuid = {34C87731-9DD9-49A4-911C-AA311C3E117F}
	EndGlobalSection
EndGlobal
